# @generated by Move, please check-in and do not edit manually.

[move]
version = 2
manifest_digest = "377AD8505895DC81271071739F6A96DA37B0EE84963A7E3F47C5FA2B78F521F5"
deps_digest = "F8BBB0CCB2491CA29A3DF03D6F92277A4F3574266507ACD77214D37ECA3F3082"
dependencies = [
  { name = "Sui" },
]

[[move.package]]
name = "MoveStdlib"
source = { git = "https://github.com/MystenLabs/sui.git", rev = "framework/testnet", subdir = "crates/sui-framework/packages/move-stdlib" }

[[move.package]]
name = "Sui"
source = { git = "https://github.com/MystenLabs/sui.git", rev = "framework/testnet", subdir = "crates/sui-framework/packages/sui-framework" }

dependencies = [
  { name = "MoveStdlib" },
]

[move.toolchain-version]
compiler-version = "1.24.1"
edition = "legacy"
flavor = "sui"

[env]

[env.mainnet]
chain-id = "35834a8a"
original-published-id = "0x6d88abe9ad26efa1dc19e0d6457465ff3048a568e4e237862099fc5c5dde6c4d"
latest-published-id = "0x6d88abe9ad26efa1dc19e0d6457465ff3048a568e4e237862099fc5c5dde6c4d"
published-version = "1"

[env.testnet]
chain-id = "4c78adac"
original-published-id = "0x9fc8dfb7824e2b6a7d1fdc1409b320a793dee7907228ec560ece46c08fa54afb"
latest-published-id = "0x9fc8dfb7824e2b6a7d1fdc1409b320a793dee7907228ec560ece46c08fa54afb"
published-version = "1"
